
Microsoft Visual Studio Solution File, Format Version 12.00
# Visual Studio Version 16
VisualStudioVersion = 16.0.30804.86
MinimumVisualStudioVersion = 10.0.40219.1
Project("{2150E333-8FDC-42A3-9474-1A3956D46DE8}") = "00 Domain", "00 Domain", "{42AA7D36-719A-4013-AEE9-88CCB42D3D25}"
EndProject
Project("{2150E333-8FDC-42A3-9474-1A3956D46DE8}") = "01 Application", "01 Application", "{2E762A06-E491-466F-A2DF-6E3C4B869A6C}"
EndProject
Project("{2150E333-8FDC-42A3-9474-1A3956D46DE8}") = "02 Infrastructure", "02 Infrastructure", "{B0BEDA3F-CA13-43EE-B153-D73002C7324B}"
EndProject
Project("{2150E333-8FDC-42A3-9474-1A3956D46DE8}") = "03 Presentation", "03 Presentation", "{90F761FE-97FB-43FB-BE6D-EF8E0D69A359}"
EndProject
Project("{9A19103F-16F7-4668-BE54-9A1E7A4F7556}") = "CleanApp.Domain", "src\CleanApp.Domain\CleanApp.Domain.csproj", "{293A5A16-A4CE-463D-9F3D-9D06025F8789}"
EndProject
Project("{9A19103F-16F7-4668-BE54-9A1E7A4F7556}") = "CleanApp.Application", "src\CleanApp.Application\CleanApp.Application.csproj", "{113DA810-426C-467E-B702-BBC951CB9C26}"
EndProject
Project("{FAE04EC0-301F-11D3-BF4B-00C04F79EFBC}") = "CleanApp.Data.EF", "src\CleanApp.Data.EF\CleanApp.Data.EF.csproj", "{E9D4EDE7-D1D7-4D88-BAC7-8A4C536558FD}"
EndProject
Project("{FAE04EC0-301F-11D3-BF4B-00C04F79EFBC}") = "CleanApp.IOC", "src\CleanApp.IOC\CleanApp.IOC.csproj", "{88B3E6F7-8DDB-4206-BFBD-61D0EB215958}"
EndProject
Global
	GlobalSection(SolutionConfigurationPlatforms) = preSolution
		Debug|Any CPU = Debug|Any CPU
		Release|Any CPU = Release|Any CPU
	EndGlobalSection
	GlobalSection(ProjectConfigurationPlatforms) = postSolution
		{293A5A16-A4CE-463D-9F3D-9D06025F8789}.Debug|Any CPU.ActiveCfg = Debug|Any CPU
		{293A5A16-A4CE-463D-9F3D-9D06025F8789}.Debug|Any CPU.Build.0 = Debug|Any CPU
		{293A5A16-A4CE-463D-9F3D-9D06025F8789}.Release|Any CPU.ActiveCfg = Release|Any CPU
		{293A5A16-A4CE-463D-9F3D-9D06025F8789}.Release|Any CPU.Build.0 = Release|Any CPU
		{113DA810-426C-467E-B702-BBC951CB9C26}.Debug|Any CPU.ActiveCfg = Debug|Any CPU
		{113DA810-426C-467E-B702-BBC951CB9C26}.Debug|Any CPU.Build.0 = Debug|Any CPU
		{113DA810-426C-467E-B702-BBC951CB9C26}.Release|Any CPU.ActiveCfg = Release|Any CPU
		{113DA810-426C-467E-B702-BBC951CB9C26}.Release|Any CPU.Build.0 = Release|Any CPU
		{E9D4EDE7-D1D7-4D88-BAC7-8A4C536558FD}.Debug|Any CPU.ActiveCfg = Debug|Any CPU
		{E9D4EDE7-D1D7-4D88-BAC7-8A4C536558FD}.Debug|Any CPU.Build.0 = Debug|Any CPU
		{E9D4EDE7-D1D7-4D88-BAC7-8A4C536558FD}.Release|Any CPU.ActiveCfg = Release|Any CPU
		{E9D4EDE7-D1D7-4D88-BAC7-8A4C536558FD}.Release|Any CPU.Build.0 = Release|Any CPU
		{88B3E6F7-8DDB-4206-BFBD-61D0EB215958}.Debug|Any CPU.ActiveCfg = Debug|Any CPU
		{88B3E6F7-8DDB-4206-BFBD-61D0EB215958}.Debug|Any CPU.Build.0 = Debug|Any CPU
		{88B3E6F7-8DDB-4206-BFBD-61D0EB215958}.Release|Any CPU.ActiveCfg = Release|Any CPU
		{88B3E6F7-8DDB-4206-BFBD-61D0EB215958}.Release|Any CPU.Build.0 = Release|Any CPU
	EndGlobalSection
	GlobalSection(SolutionProperties) = preSolution
		HideSolutionNode = FALSE
	EndGlobalSection
	GlobalSection(NestedProjects) = preSolution
		{293A5A16-A4CE-463D-9F3D-9D06025F8789} = {42AA7D36-719A-4013-AEE9-88CCB42D3D25}
		{113DA810-426C-467E-B702-BBC951CB9C26} = {2E762A06-E491-466F-A2DF-6E3C4B869A6C}
		{E9D4EDE7-D1D7-4D88-BAC7-8A4C536558FD} = {B0BEDA3F-CA13-43EE-B153-D73002C7324B}
		{88B3E6F7-8DDB-4206-BFBD-61D0EB215958} = {B0BEDA3F-CA13-43EE-B153-D73002C7324B}
	EndGlobalSection
	GlobalSection(ExtensibilityGlobals) = postSolution
		SolutionGuid = {A5582FDD-E4B5-4DD3-8BA2-7F306D9975ED}
	EndGlobalSection
EndGlobal
